
Microsoft Visual Studio Solution File, Format Version 12.00
# Visual Studio Version 17
VisualStudioVersion = 17.4.33213.308
MinimumVisualStudioVersion = 10.0.40219.1
Project("{FAE04EC0-301F-11D3-BF4B-00C04F79EFBC}") = "classes-and-objects", "classes-and-objects.csproj", "{3EFEB3C3-5716-4978-A80E-DB470E6AE617}"
EndProject
Global
	GlobalSection(SolutionConfigurationPlatforms) = preSolution
		Debug|Any CPU = Debug|Any CPU
		Release|Any CPU = Release|Any CPU
	EndGlobalSection
	GlobalSection(ProjectConfigurationPlatforms) = postSolution
		{3EFEB3C3-5716-4978-A80E-DB470E6AE617}.Debug|Any CPU.ActiveCfg = Debug|Any CPU
		{3EFEB3C3-5716-4978-A80E-DB470E6AE617}.Debug|Any CPU.Build.0 = Debug|Any CPU
		{3EFEB3C3-5716-4978-A80E-DB470E6AE617}.Release|Any CPU.ActiveCfg = Release|Any CPU
		{3EFEB3C3-5716-4978-A80E-DB470E6AE617}.Release|Any CPU.Build.0 = Release|Any CPU
	EndGlobalSection
	GlobalSection(SolutionProperties) = preSolution
		HideSolutionNode = FALSE
	EndGlobalSection
	GlobalSection(ExtensibilityGlobals) = postSolution
		SolutionGuid = {75B52760-6BFE-4921-B213-10A74ABF1905}
	EndGlobalSection
EndGlobal
