
Microsoft Visual Studio Solution File, Format Version 12.00
# Visual Studio Version 17
VisualStudioVersion = 17.4.33213.308
MinimumVisualStudioVersion = 10.0.40219.1
Project("{FAE04EC0-301F-11D3-BF4B-00C04F79EFBC}") = "introduction-to-windows-form", "introduction-to-windows-form.csproj", "{367E6BF5-A1C6-4DB2-88A4-58B781472043}"
EndProject
Global
	GlobalSection(SolutionConfigurationPlatforms) = preSolution
		Debug|Any CPU = Debug|Any CPU
		Release|Any CPU = Release|Any CPU
	EndGlobalSection
	GlobalSection(ProjectConfigurationPlatforms) = postSolution
		{367E6BF5-A1C6-4DB2-88A4-58B781472043}.Debug|Any CPU.ActiveCfg = Debug|Any CPU
		{367E6BF5-A1C6-4DB2-88A4-58B781472043}.Debug|Any CPU.Build.0 = Debug|Any CPU
		{367E6BF5-A1C6-4DB2-88A4-58B781472043}.Release|Any CPU.ActiveCfg = Release|Any CPU
		{367E6BF5-A1C6-4DB2-88A4-58B781472043}.Release|Any CPU.Build.0 = Release|Any CPU
	EndGlobalSection
	GlobalSection(SolutionProperties) = preSolution
		HideSolutionNode = FALSE
	EndGlobalSection
	GlobalSection(ExtensibilityGlobals) = postSolution
		SolutionGuid = {5D162BE1-964B-4FF2-9792-97B679E3A1EF}
	EndGlobalSection
EndGlobal
