
Microsoft Visual Studio Solution File, Format Version 12.00
# Visual Studio Version 17
VisualStudioVersion = 17.4.33213.308
MinimumVisualStudioVersion = 10.0.40219.1
Project("{FAE04EC0-301F-11D3-BF4B-00C04F79EFBC}") = "ConsoleApp1", "ConsoleApp1.csproj", "{6230600A-1F15-4E37-9C43-0186D90B7207}"
EndProject
Global
	GlobalSection(SolutionConfigurationPlatforms) = preSolution
		Debug|Any CPU = Debug|Any CPU
		Release|Any CPU = Release|Any CPU
	EndGlobalSection
	GlobalSection(ProjectConfigurationPlatforms) = postSolution
		{6230600A-1F15-4E37-9C43-0186D90B7207}.Debug|Any CPU.ActiveCfg = Debug|Any CPU
		{6230600A-1F15-4E37-9C43-0186D90B7207}.Debug|Any CPU.Build.0 = Debug|Any CPU
		{6230600A-1F15-4E37-9C43-0186D90B7207}.Release|Any CPU.ActiveCfg = Release|Any CPU
		{6230600A-1F15-4E37-9C43-0186D90B7207}.Release|Any CPU.Build.0 = Release|Any CPU
	EndGlobalSection
	GlobalSection(SolutionProperties) = preSolution
		HideSolutionNode = FALSE
	EndGlobalSection
	GlobalSection(ExtensibilityGlobals) = postSolution
		SolutionGuid = {37C48881-FDA4-452B-AF87-6BE71C9B92E3}
	EndGlobalSection
EndGlobal
