
Microsoft Visual Studio Solution File, Format Version 12.00
# Visual Studio Version 17
VisualStudioVersion = 17.4.33213.308
MinimumVisualStudioVersion = 10.0.40219.1
Project("{FAE04EC0-301F-11D3-BF4B-00C04F79EFBC}") = "interface", "interface.csproj", "{2840C980-E3E2-4D39-8260-8F7804EFA83B}"
EndProject
Global
	GlobalSection(SolutionConfigurationPlatforms) = preSolution
		Debug|Any CPU = Debug|Any CPU
		Release|Any CPU = Release|Any CPU
	EndGlobalSection
	GlobalSection(ProjectConfigurationPlatforms) = postSolution
		{2840C980-E3E2-4D39-8260-8F7804EFA83B}.Debug|Any CPU.ActiveCfg = Debug|Any CPU
		{2840C980-E3E2-4D39-8260-8F7804EFA83B}.Debug|Any CPU.Build.0 = Debug|Any CPU
		{2840C980-E3E2-4D39-8260-8F7804EFA83B}.Release|Any CPU.ActiveCfg = Release|Any CPU
		{2840C980-E3E2-4D39-8260-8F7804EFA83B}.Release|Any CPU.Build.0 = Release|Any CPU
	EndGlobalSection
	GlobalSection(SolutionProperties) = preSolution
		HideSolutionNode = FALSE
	EndGlobalSection
	GlobalSection(ExtensibilityGlobals) = postSolution
		SolutionGuid = {59A3E830-2D50-4B49-80A2-75D7D56947EF}
	EndGlobalSection
EndGlobal
