
Microsoft Visual Studio Solution File, Format Version 12.00
# Visual Studio Version 17
VisualStudioVersion = 17.4.33213.308
MinimumVisualStudioVersion = 10.0.40219.1
Project("{FAE04EC0-301F-11D3-BF4B-00C04F79EFBC}") = "project1-a", "project1-a\project1-a.csproj", "{2099804D-67F8-4C07-A97A-31FF634593EA}"
EndProject
Global
	GlobalSection(SolutionConfigurationPlatforms) = preSolution
		Debug|Any CPU = Debug|Any CPU
		Release|Any CPU = Release|Any CPU
	EndGlobalSection
	GlobalSection(ProjectConfigurationPlatforms) = postSolution
		{2099804D-67F8-4C07-A97A-31FF634593EA}.Debug|Any CPU.ActiveCfg = Debug|Any CPU
		{2099804D-67F8-4C07-A97A-31FF634593EA}.Debug|Any CPU.Build.0 = Debug|Any CPU
		{2099804D-67F8-4C07-A97A-31FF634593EA}.Release|Any CPU.ActiveCfg = Release|Any CPU
		{2099804D-67F8-4C07-A97A-31FF634593EA}.Release|Any CPU.Build.0 = Release|Any CPU
	EndGlobalSection
	GlobalSection(SolutionProperties) = preSolution
		HideSolutionNode = FALSE
	EndGlobalSection
	GlobalSection(ExtensibilityGlobals) = postSolution
		SolutionGuid = {93153829-A494-4907-8C6A-9A97D422A68A}
	EndGlobalSection
EndGlobal
