
Microsoft Visual Studio Solution File, Format Version 12.00
# Visual Studio Version 17
VisualStudioVersion = 17.4.33213.308
MinimumVisualStudioVersion = 10.0.40219.1
Project("{FAE04EC0-301F-11D3-BF4B-00C04F79EFBC}") = "file-and-fileinfo", "file-and-fileinfo.csproj", "{887BA1C8-CC73-4434-87C6-D1E827E168AE}"
EndProject
Global
	GlobalSection(SolutionConfigurationPlatforms) = preSolution
		Debug|Any CPU = Debug|Any CPU
		Release|Any CPU = Release|Any CPU
	EndGlobalSection
	GlobalSection(ProjectConfigurationPlatforms) = postSolution
		{887BA1C8-CC73-4434-87C6-D1E827E168AE}.Debug|Any CPU.ActiveCfg = Debug|Any CPU
		{887BA1C8-CC73-4434-87C6-D1E827E168AE}.Debug|Any CPU.Build.0 = Debug|Any CPU
		{887BA1C8-CC73-4434-87C6-D1E827E168AE}.Release|Any CPU.ActiveCfg = Release|Any CPU
		{887BA1C8-CC73-4434-87C6-D1E827E168AE}.Release|Any CPU.Build.0 = Release|Any CPU
	EndGlobalSection
	GlobalSection(SolutionProperties) = preSolution
		HideSolutionNode = FALSE
	EndGlobalSection
	GlobalSection(ExtensibilityGlobals) = postSolution
		SolutionGuid = {590D8780-478B-4F24-9FD1-01A197159DF4}
	EndGlobalSection
EndGlobal
