
Microsoft Visual Studio Solution File, Format Version 12.00
# Visual Studio Version 17
VisualStudioVersion = 17.4.33213.308
MinimumVisualStudioVersion = 10.0.40219.1
Project("{FAE04EC0-301F-11D3-BF4B-00C04F79EFBC}") = "Ineritance", "Ineritance.csproj", "{25AA2293-84D9-47F4-AC38-8870209CCCDB}"
EndProject
Global
	GlobalSection(SolutionConfigurationPlatforms) = preSolution
		Debug|Any CPU = Debug|Any CPU
		Release|Any CPU = Release|Any CPU
	EndGlobalSection
	GlobalSection(ProjectConfigurationPlatforms) = postSolution
		{25AA2293-84D9-47F4-AC38-8870209CCCDB}.Debug|Any CPU.ActiveCfg = Debug|Any CPU
		{25AA2293-84D9-47F4-AC38-8870209CCCDB}.Debug|Any CPU.Build.0 = Debug|Any CPU
		{25AA2293-84D9-47F4-AC38-8870209CCCDB}.Release|Any CPU.ActiveCfg = Release|Any CPU
		{25AA2293-84D9-47F4-AC38-8870209CCCDB}.Release|Any CPU.Build.0 = Release|Any CPU
	EndGlobalSection
	GlobalSection(SolutionProperties) = preSolution
		HideSolutionNode = FALSE
	EndGlobalSection
	GlobalSection(ExtensibilityGlobals) = postSolution
		SolutionGuid = {90DFB487-ADA8-4B3C-8563-99FB1C4CFAE4}
	EndGlobalSection
EndGlobal
