
Microsoft Visual Studio Solution File, Format Version 12.00
# Visual Studio Version 17
VisualStudioVersion = 17.4.33213.308
MinimumVisualStudioVersion = 10.0.40219.1
Project("{FAE04EC0-301F-11D3-BF4B-00C04F79EFBC}") = "math-class", "math-class.csproj", "{F192A191-21B4-43A6-835A-34FA847CCA8C}"
EndProject
Global
	GlobalSection(SolutionConfigurationPlatforms) = preSolution
		Debug|Any CPU = Debug|Any CPU
		Release|Any CPU = Release|Any CPU
	EndGlobalSection
	GlobalSection(ProjectConfigurationPlatforms) = postSolution
		{F192A191-21B4-43A6-835A-34FA847CCA8C}.Debug|Any CPU.ActiveCfg = Debug|Any CPU
		{F192A191-21B4-43A6-835A-34FA847CCA8C}.Debug|Any CPU.Build.0 = Debug|Any CPU
		{F192A191-21B4-43A6-835A-34FA847CCA8C}.Release|Any CPU.ActiveCfg = Release|Any CPU
		{F192A191-21B4-43A6-835A-34FA847CCA8C}.Release|Any CPU.Build.0 = Release|Any CPU
	EndGlobalSection
	GlobalSection(SolutionProperties) = preSolution
		HideSolutionNode = FALSE
	EndGlobalSection
	GlobalSection(ExtensibilityGlobals) = postSolution
		SolutionGuid = {AE6F1197-2FEB-42B0-BB78-5F010E5EE3B1}
	EndGlobalSection
EndGlobal
