
Microsoft Visual Studio Solution File, Format Version 12.00
# Visual Studio Version 17
VisualStudioVersion = 17.4.33213.308
MinimumVisualStudioVersion = 10.0.40219.1
Project("{FAE04EC0-301F-11D3-BF4B-00C04F79EFBC}") = "if-else-statements", "if-else-statements.csproj", "{42824E31-CC98-40C0-88F3-9E6AAB29573B}"
EndProject
Global
	GlobalSection(SolutionConfigurationPlatforms) = preSolution
		Debug|Any CPU = Debug|Any CPU
		Release|Any CPU = Release|Any CPU
	EndGlobalSection
	GlobalSection(ProjectConfigurationPlatforms) = postSolution
		{42824E31-CC98-40C0-88F3-9E6AAB29573B}.Debug|Any CPU.ActiveCfg = Debug|Any CPU
		{42824E31-CC98-40C0-88F3-9E6AAB29573B}.Debug|Any CPU.Build.0 = Debug|Any CPU
		{42824E31-CC98-40C0-88F3-9E6AAB29573B}.Release|Any CPU.ActiveCfg = Release|Any CPU
		{42824E31-CC98-40C0-88F3-9E6AAB29573B}.Release|Any CPU.Build.0 = Release|Any CPU
	EndGlobalSection
	GlobalSection(SolutionProperties) = preSolution
		HideSolutionNode = FALSE
	EndGlobalSection
	GlobalSection(ExtensibilityGlobals) = postSolution
		SolutionGuid = {EDAA147A-9677-4191-A308-75060BAD9809}
	EndGlobalSection
EndGlobal
